{
  "version": "5",
  "specifiers": {
    "jsr:@david/code-block-writer@^13.0.2": "13.0.3",
    "jsr:@deno/cache-dir@0.20": "0.20.1",
    "jsr:@deno/dnt@~0.42.1": "0.42.1",
    "jsr:@std/assert@1": "1.0.13",
    "jsr:@std/bytes@^1.0.5": "1.0.6",
    "jsr:@std/fmt@1": "1.0.6",
    "jsr:@std/fmt@^1.0.3": "1.0.6",
    "jsr:@std/fs@1": "1.0.18",
    "jsr:@std/fs@^1.0.6": "1.0.18",
    "jsr:@std/internal@^1.0.6": "1.0.6",
    "jsr:@std/io@0.225": "0.225.2",
    "jsr:@std/path@1": "1.1.0",
    "jsr:@std/path@^1.0.8": "1.1.0",
    "jsr:@std/path@^1.1.0": "1.1.0",
    "jsr:@ts-morph/bootstrap@0.25": "0.25.0",
    "jsr:@ts-morph/common@0.25": "0.25.0",
    "npm:@ai-sdk/openai@^1.3.22": "1.3.22_zod@3.24.4",
    "npm:ai@^4.3.16": "4.3.16_zod@3.24.4",
    "npm:localbase@~0.7.7": "0.7.7",
    "npm:localforage@^1.10.0": "1.10.0",
    "npm:tau-prolog@~0.3.4": "0.3.4"
  },
  "jsr": {
    "@david/code-block-writer@13.0.3": {
      "integrity": "f98c77d320f5957899a61bfb7a9bead7c6d83ad1515daee92dbacc861e13bb7f"
    },
    "@deno/cache-dir@0.20.1": {
      "integrity": "dc4f3add14307f3ff3b712441ea4acabcbfc9a13f67c5adc78c3aac16ac5e2a0",
      "dependencies": [
        "jsr:@std/fmt@^1.0.3",
        "jsr:@std/fs@^1.0.6",
        "jsr:@std/io",
        "jsr:@std/path@^1.0.8"
      ]
    },
    "@deno/dnt@0.42.1": {
      "integrity": "85322b38eb40d4e8c5216d62536152c35b1bda9dc47c8c60860610397b960223",
      "dependencies": [
        "jsr:@david/code-block-writer",
        "jsr:@deno/cache-dir",
        "jsr:@std/fmt@1",
        "jsr:@std/fs@1",
        "jsr:@std/path@1",
        "jsr:@ts-morph/bootstrap"
      ]
    },
    "@std/assert@1.0.13": {
      "integrity": "ae0d31e41919b12c656c742b22522c32fb26ed0cba32975cb0de2a273cb68b29",
      "dependencies": [
        "jsr:@std/internal"
      ]
    },
    "@std/bytes@1.0.6": {
      "integrity": "f6ac6adbd8ccd99314045f5703e23af0a68d7f7e58364b47d2c7f408aeb5820a"
    },
    "@std/fmt@1.0.6": {
      "integrity": "a2c56a69a2369876ddb3ad6a500bb6501b5bad47bb3ea16bfb0c18974d2661fc"
    },
    "@std/fs@1.0.18": {
      "integrity": "24bcad99eab1af4fde75e05da6e9ed0e0dce5edb71b7e34baacf86ffe3969f3a",
      "dependencies": [
        "jsr:@std/path@^1.1.0"
      ]
    },
    "@std/internal@1.0.6": {
      "integrity": "9533b128f230f73bd209408bb07a4b12f8d4255ab2a4d22a1fd6d87304aca9a4"
    },
    "@std/io@0.225.2": {
      "integrity": "3c740cd4ee4c082e6cfc86458f47e2ab7cb353dc6234d5e9b1f91a2de5f4d6c7",
      "dependencies": [
        "jsr:@std/bytes"
      ]
    },
    "@std/path@1.1.0": {
      "integrity": "ddc94f8e3c275627281cbc23341df6b8bcc874d70374f75fec2533521e3d6886"
    },
    "@ts-morph/bootstrap@0.25.0": {
      "integrity": "3cd33ee80ac0aab8e5d2660c639a02187f0c8abfe454636ce86c00eb7e8407db",
      "dependencies": [
        "jsr:@ts-morph/common"
      ]
    },
    "@ts-morph/common@0.25.0": {
      "integrity": "e3ed1771e2fb61fbc3d2cb39ebbc4f89cd686d6d9bc6d91a71372be055ac1967",
      "dependencies": [
        "jsr:@std/fs@1",
        "jsr:@std/path@1"
      ]
    }
  },
  "npm": {
    "@ai-sdk/openai@1.3.22_zod@3.24.4": {
      "integrity": "sha512-QwA+2EkG0QyjVR+7h6FE7iOu2ivNqAVMm9UJZkVxxTk5OIq5fFJDTEI/zICEMuHImTTXR2JjsL6EirJ28Jc4cw==",
      "dependencies": [
        "@ai-sdk/provider",
        "@ai-sdk/provider-utils",
        "zod"
      ]
    },
    "@ai-sdk/provider-utils@2.2.8_zod@3.24.4": {
      "integrity": "sha512-fqhG+4sCVv8x7nFzYnFo19ryhAa3w096Kmc3hWxMQfW/TubPOmt3A6tYZhl4mUfQWWQMsuSkLrtjlWuXBVSGQA==",
      "dependencies": [
        "@ai-sdk/provider",
        "nanoid",
        "secure-json-parse",
        "zod"
      ]
    },
    "@ai-sdk/provider@1.1.3": {
      "integrity": "sha512-qZMxYJ0qqX/RfnuIaab+zp8UAeJn/ygXXAffR5I4N0n1IrvA6qBsjc8hXLmBiMV2zoXlifkacF7sEFnYnjBcqg==",
      "dependencies": [
        "json-schema"
      ]
    },
    "@ai-sdk/react@1.2.12_react@19.1.0_zod@3.24.4": {
      "integrity": "sha512-jK1IZZ22evPZoQW3vlkZ7wvjYGYF+tRBKXtrcolduIkQ/m/sOAVcVeVDUDvh1T91xCnWCdUGCPZg2avZ90mv3g==",
      "dependencies": [
        "@ai-sdk/provider-utils",
        "@ai-sdk/ui-utils",
        "react",
        "swr",
        "throttleit",
        "zod"
      ],
      "optionalPeers": [
        "zod"
      ]
    },
    "@ai-sdk/ui-utils@1.2.11_zod@3.24.4": {
      "integrity": "sha512-3zcwCc8ezzFlwp3ZD15wAPjf2Au4s3vAbKsXQVyhxODHcmu0iyPO2Eua6D/vicq/AUm/BAo60r97O6HU+EI0+w==",
      "dependencies": [
        "@ai-sdk/provider",
        "@ai-sdk/provider-utils",
        "zod",
        "zod-to-json-schema"
      ]
    },
    "@opentelemetry/api@1.9.0": {
      "integrity": "sha512-3giAOQvZiH5F9bMlMiv8+GSPMeqg0dbaeo58/0SlA9sxSqZhnUtxzX9/2FzyhS9sWQf5S0GJE0AKBrFqjpeYcg=="
    },
    "@types/diff-match-patch@1.0.36": {
      "integrity": "sha512-xFdR6tkm0MWvBfO8xXCSsinYxHcqkQUlcHeSpMC2ukzOb6lwQAfDmW+Qt0AvlGd8HpsS28qKsB+oPeJn9I39jg=="
    },
    "ai@4.3.16_zod@3.24.4": {
      "integrity": "sha512-KUDwlThJ5tr2Vw0A1ZkbDKNME3wzWhuVfAOwIvFUzl1TPVDFAXDFTXio3p+jaKneB+dKNCvFFlolYmmgHttG1g==",
      "dependencies": [
        "@ai-sdk/provider",
        "@ai-sdk/provider-utils",
        "@ai-sdk/react",
        "@ai-sdk/ui-utils",
        "@opentelemetry/api",
        "jsondiffpatch",
        "zod"
      ]
    },
    "chalk@5.4.1": {
      "integrity": "sha512-zgVZuo2WcZgfUEmsn6eO3kINexW8RAE4maiQ8QNs8CtpPCSyMiYsULR3HQYkm3w8FIA3SberyMJMSldGsW+U3w=="
    },
    "dequal@2.0.3": {
      "integrity": "sha512-0je+qPKHEMohvfRTCEo3CrPG6cAzAYgmzKyxRiYSSDkS6eGJdyVJm7WaYA5ECaAD9wLB2T4EEeymA5aFVcYXCA=="
    },
    "diff-match-patch@1.0.5": {
      "integrity": "sha512-IayShXAgj/QMXgB0IWmKx+rOPuGMhqm5w6jvFxmVenXKIzRqTAAsbBPT3kWQeGANj3jGgvcvv4yK6SxqYmikgw=="
    },
    "immediate@3.0.6": {
      "integrity": "sha512-XXOFtyqDjNDAQxVfYxuF7g9Il/IbWmmlQg2MYKOH8ExIT1qg6xc4zyS3HaEEATgs1btfzxq15ciUiY7gjSXRGQ=="
    },
    "json-schema@0.4.0": {
      "integrity": "sha512-es94M3nTIfsEPisRafak+HDLfHXnKBhV3vU5eqPcS3flIWqcxJWgXHXiey3YrpaNsanY5ei1VoYEbOzijuq9BA=="
    },
    "jsondiffpatch@0.6.0": {
      "integrity": "sha512-3QItJOXp2AP1uv7waBkao5nCvhEv+QmJAd38Ybq7wNI74Q+BBmnLn4EDKz6yI9xGAIQoUF87qHt+kc1IVxB4zQ==",
      "dependencies": [
        "@types/diff-match-patch",
        "chalk",
        "diff-match-patch"
      ],
      "bin": true
    },
    "lie@3.1.1": {
      "integrity": "sha512-RiNhHysUjhrDQntfYSfY4MU24coXXdEOgw9WGcKHNeEwffDYbF//u87M1EWaMGzuFoSbqW0C9C6lEEhDOAswfw==",
      "dependencies": [
        "immediate"
      ]
    },
    "localbase@0.7.7": {
      "integrity": "sha512-DJ0U/IRqjJfKSOX7L3PE3tgDd1uhsQSCKaIEJHB1Il6V2Z8c5UvTDwfnh5H3Wk0s8QJjhW0cigDoeREOjBsbgw==",
      "dependencies": [
        "localforage",
        "ordered-uuid"
      ]
    },
    "localforage@1.10.0": {
      "integrity": "sha512-14/H1aX7hzBBmmh7sGPd+AOMkkIrHM3Z1PAyGgZigA1H1p5O5ANnMyWzvpAETtG68/dC4pC0ncy3+PPGzXZHPg==",
      "dependencies": [
        "lie"
      ]
    },
    "nanoid@3.3.11": {
      "integrity": "sha512-N8SpfPUnUp1bK+PMYW8qSWdl9U+wwNWI4QKxOYDy9JAro3WMX7p2OeVRF9v+347pnakNevPmiHhNmZ2HbFA76w==",
      "bin": true
    },
    "ordered-uuid@1.1.0": {
      "integrity": "sha512-pcbQ+w/1DIOFYsZRsjkNgxWRvLecCjpbVadcP9SQ/9oHSQr7VXS9+t5/FiPkqFvQGn3a4Hj0YL7R8q7cIgGXBA==",
      "dependencies": [
        "uuid"
      ]
    },
    "react@19.1.0": {
      "integrity": "sha512-FS+XFBNvn3GTAWq26joslQgWNoFu08F4kl0J4CgdNKADkdSGXQyTCnKteIAJy96Br6YbpEU1LSzV5dYtjMkMDg=="
    },
    "readline-sync@1.4.9": {
      "integrity": "sha512-mp5h1N39kuKbCRGebLPIKTBOhuDw55GaNg5S+K9TW9uDAS1wIHpGUc2YokdUMZJb8GqS49sWmWEDijaESYh0Hg=="
    },
    "secure-json-parse@2.7.0": {
      "integrity": "sha512-6aU+Rwsezw7VR8/nyvKTx8QpWH9FrcYiXXlqC4z5d5XQBDRqtbfsRjnwGyqbi3gddNtWHuEk9OANUotL26qKUw=="
    },
    "swr@2.3.3_react@19.1.0": {
      "integrity": "sha512-dshNvs3ExOqtZ6kJBaAsabhPdHyeY4P2cKwRCniDVifBMoG/SVI7tfLWqPXriVspf2Rg4tPzXJTnwaihIeFw2A==",
      "dependencies": [
        "dequal",
        "react",
        "use-sync-external-store"
      ]
    },
    "tau-prolog@0.3.4": {
      "integrity": "sha512-CEEa6C3IRPGN5GuXptBjLWOrF2x7aE06CP/p54oXJciBBfokkPom30uRNhKgbBAz1+AeuM1KtK2JMa0R3u+pRA==",
      "dependencies": [
        "readline-sync"
      ]
    },
    "throttleit@2.1.0": {
      "integrity": "sha512-nt6AMGKW1p/70DF/hGBdJB57B8Tspmbp5gfJ8ilhLnt7kkr2ye7hzD6NVG8GGErk2HWF34igrL2CXmNIkzKqKw=="
    },
    "use-sync-external-store@1.5.0_react@19.1.0": {
      "integrity": "sha512-Rb46I4cGGVBmjamjphe8L/UnvJD+uPPtTkNvX5mZgqdbavhI4EbgIWJiIHXJ8bc/i9EQGPRh4DwEURJ552Do0A==",
      "dependencies": [
        "react"
      ]
    },
    "uuid@3.4.0": {
      "integrity": "sha512-HjSDRw6gZE5JMggctHBcjVak08+KEVhSIiDzFnT9S9aegmp85S/bReBVTb4QTFaRNptJ9kuYaNhnbNEOkbKb/A==",
      "deprecated": true,
      "bin": true
    },
    "zod-to-json-schema@3.24.5_zod@3.24.4": {
      "integrity": "sha512-/AuWwMP+YqiPbsJx5D6TfgRTc4kTLjsh5SOcd4bLsfUg2RcEXrFMJl1DGgdHy2aCfsIA/cr/1JM0xcB2GZji8g==",
      "dependencies": [
        "zod"
      ]
    },
    "zod@3.24.4": {
      "integrity": "sha512-OdqJE9UDRPwWsrHjLN2F8bPxvwJBK22EHLWtanu0LSYr5YqzsaaW3RMgmjwr8Rypg5k+meEJdSPXJZXE/yqOMg=="
    }
  },
  "redirects": {
    "https://esm.sh/@types/uuid@~3.4.13/index.d.ts": "https://esm.sh/@types/uuid@3.4.13/index.d.ts",
    "https://esm.sh/localforage@^1.7.4?target=denonext": "https://esm.sh/localforage@1.10.0?target=denonext",
    "https://esm.sh/ordered-uuid@^1.1.0?target=denonext": "https://esm.sh/ordered-uuid@1.1.0?target=denonext",
    "https://esm.sh/uuid@^3.0.1?target=denonext": "https://esm.sh/uuid@3.4.0?target=denonext"
  },
  "remote": {
    "https://deno.land/std@0.140.0/fmt/colors.ts": "30455035d6d728394781c10755351742dd731e3db6771b1843f9b9e490104d37",
    "https://deno.land/std@0.140.0/testing/_diff.ts": "029a00560b0d534bc0046f1bce4bd36b3b41ada3f2a3178c85686eb2ff5f1413",
    "https://deno.land/std@0.140.0/testing/_format.ts": "0d8dc79eab15b67cdc532826213bbe05bccfd276ca473a50a3fc7bbfb7260642",
    "https://deno.land/std@0.140.0/testing/asserts.ts": "3eea146ece74b36d4add6243c19c302e47b2b0201fbeceeeb243b06b6b410af7",
    "https://esm.sh/localbase@0.7.5": "32749cfe7bc3728640a53cac38783c3666acfbece313f707a875596dac3ea4ec",
    "https://esm.sh/localbase@0.7.5/denonext/localbase.mjs": "72409797cbeffe19cddd539ed3cbe496a346e176e099ce0f83bf8aaf70ac68a8",
    "https://esm.sh/localforage@1.10.0/denonext/localforage.mjs": "919020421a4557042fc358d57ff83a4da4157feeffc0c50cfd2c5cc32207f764",
    "https://esm.sh/localforage@1.10.0?target=denonext": "1e9d029dba9b1cc104607a9d4e0a7d8f241b78631137751d672258bf872df300",
    "https://esm.sh/ordered-uuid@1.1.0/denonext/ordered-uuid.mjs": "1149d54c5b6702223762b00b202ed27b60796d872aa6e4de937edf8e8c2ec19b",
    "https://esm.sh/ordered-uuid@1.1.0?target=denonext": "6bd8eb0643f8758e0a4a8ca41b2164ec3ffb3e5485dafe50c512d1ab8774bf83",
    "https://esm.sh/uuid@3.4.0/denonext/uuid.mjs": "165c47b1075a5344cc668d0c771e97e1e0b4a3e96a041a6cb34de8221e6347aa",
    "https://esm.sh/uuid@3.4.0?target=denonext": "42a39dc3e6f59acd499530a8e7ffd3bbfd638da3f77b9be85a8eb34147df977a"
  },
  "workspace": {
    "dependencies": [
      "jsr:@deno/dnt@~0.42.1",
      "jsr:@std/assert@1",
      "npm:@ai-sdk/openai@^1.3.22",
      "npm:ai@^4.3.16"
    ],
    "packageJson": {
      "dependencies": [
        "npm:localbase@~0.7.7",
        "npm:localforage@^1.10.0",
        "npm:tau-prolog@~0.3.4"
      ]
    }
  }
}
